{ 
"depends": [
{
  "url": "https://github.com/arnetheduck/nim-results",
  "rev": "df8113dda4c2d74d460a8fa98252b0b771bf1f27",
  "date": "2024-12-07T15:45:43+01:00",
  "path": "/nix/store/k3zvbrwkk05cslp94r35jf9vs9692b5c-nim-results-df8113d",
  "sha256": "1h7amas16sbhlr7zb7n3jb5434k98ji375vzw72k1fsc86vnmcr9",
  "hash": "sha256-KbNqt0FMuzDF4X+XM6JEaZJBypLDnvVPpnBpE7Sq6sA=",
  "fetchLFS": false,
  "fetchSubmodules": true,
  "deepClone": false,
  "fetchTags": false,
  "leaveDotGit": false,
  "rootDir": "",
  "method": "git",
  "packages": ["results"],
  "srcDir": "src"
},
{
  "url": "https://github.com/status-im/nim-stew",
  "rev": "4382b18f04b3c43c8409bfcd6b62063773b2bbaa",
  "date": "2026-04-01T11:39:39+02:00",
  "path": "/nix/store/yqx4niv7f62la5pzdrgh25nsa5j6bzl9-nim-stew-4382b18",
  "sha256": "0mx9g5m636h3sk5pllcpylk51brf7lx91izx3gc23k3ih3hrxyk2",
  "hash": "sha256-Yvqe4YBxzCHYG/3HkDo9Lq9QJvWXUXrL1AOaYWp5qVc=",
  "fetchLFS": false,
  "fetchSubmodules": true,
  "deepClone": false,
  "fetchTags": false,
  "leaveDotGit": false,
  "rootDir": "",
  "method": "git",
  "packages": ["stew"],
  "srcDir": "src"
},
{
  "url": "https://github.com/status-im/nim-faststreams",
  "rev": "50889cd16ec8771106cdd0eeea460039e8571e06",
  "date": "2026-04-20T13:04:35-03:00",
  "path": "/nix/store/ykakypbg8bm62q1v9p81cwil1v97ld03-nim-faststreams-50889cd",
  "sha256": "1hd4bhvw5lzwg924i8dif5mi61h0ayiplq38djvrdbfsjdhw2zvw",
  "hash": "sha256-fH/BYZParZa3bGhgeqNXAAYTa3GxoUhEevzTwjdcpME=",
  "fetchLFS": false,
  "fetchSubmodules": true,
  "deepClone": false,
  "fetchTags": false,
  "leaveDotGit": false,
  "rootDir": "",
  "method": "git",
  "packages": ["faststreams"],
  "srcDir": "src"
},
{
  "url": "https://github.com/status-im/nim-serialization",
  "rev": "4092500cea76154576539371709ae801afbd2a9d",
  "date": "2026-06-16T22:36:00+07:00",
  "path": "/nix/store/b16vcvdgchcnc37dhk885hs73wrijgp6-nim-serialization-4092500",
  "sha256": "04pz6d6p3nd1y2khbb667fcd6p2jk4bxv65iaffzq06bqqhalcwc",
  "hash": "sha256-jDOqIMbLAPydU7GY3ReZUlzTmDvGrAWn8KHZcU0z/xI=",
  "fetchLFS": false,
  "fetchSubmodules": true,
  "deepClone": false,
  "fetchTags": false,
  "leaveDotGit": false,
  "rootDir": "",
  "method": "git",
  "packages": ["serialization"],
  "srcDir": "src"
},
{
  "url": "https://github.com/status-im/nim-json-serialization",
  "rev": "c343b0e243d9e17e2c40f3a8a24340f7c4a71d44",
  "date": "2025-10-14T15:10:33-03:00",
  "path": "/nix/store/1a1sl0390iv6d95a27lp54afx2vxjijx-nim-json-serialization-c343b0e",
  "sha256": "0i8sq51nqj8lshf6bfixaz9a7sq0ahsbvq3chkxdvv4khsqvam91",
  "hash": "sha256-IVW1sYaT7N36hGzgvTRUAOuj0lc9umUc1BRJbEPBGkU=",
  "fetchLFS": false,
  "fetchSubmodules": true,
  "deepClone": false,
  "fetchTags": false,
  "leaveDotGit": false,
  "rootDir": "",
  "method": "git",
  "packages": ["json_serialization"],
  "srcDir": "src"
},
{
  "url": "https://github.com/status-im/nim-chronicles",
  "rev": "27ec507429a4eb81edc20f28292ee8ec420be05b",
  "date": "2025-09-02T11:32:17+02:00",
  "path": "/nix/store/23kjlzj7c5qdwq0ykdn3ays8sccm5x0l-nim-chronicles-27ec507",
  "sha256": "1xx9fcfwgcaizq3s7i3s03mclz253r5j8va38l9ycl19fcbc96z9",
  "hash": "sha256-6ZvEFnMpUOYTRUNtJEseRXzK6gB6xKMH/lGxxx1zqfc=",
  "fetchLFS": false,
  "fetchSubmodules": true,
  "deepClone": false,
  "fetchTags": false,
  "leaveDotGit": false,
  "rootDir": "",
  "method": "git",
  "packages": ["chronicle"],
  "srcDir": "src"
},
{
  "url": "https://github.com/guzba/nimsimd",
  "rev": "3f6b2668ffb0867d0bf786a658b817763e611350",
  "date": "2024-12-21T21:40:05-06:00",
  "path": "/nix/store/2l3kgms5jmyg0m91s7mzibw96pkxdlgm-nimsimd-3f6b266",
  "sha256": "0frxqj34a12xwniac2nhlzdipc8w02m138k8gk6zf4s8yg5yvvhl",
  "hash": "sha256-FO7ty/NIE/fNfGiiEaoAHLEb26fQCqai5V0ERYbEPTs=",
  "fetchLFS": false,
  "fetchSubmodules": true,
  "deepClone": false,
  "fetchTags": false,
  "leaveDotGit": false,
  "rootDir": "",
  "method": "git",
  "packages": ["nimsimd"],
  "srcDir": "src"
},
{
  "url": "https://github.com/guzba/crunchy",
  "rev": "98eb6526982bb8aae8eec6e8781f4539fa19e049",
  "date": "2024-01-25T21:19:15-06:00",
  "path": "/nix/store/51xasxb54bm1m0mmh8260308v36bqg8x-crunchy-98eb652",
  "sha256": "11iz2d23g3dwpw2ybx951c8ccikziaphr3515vw9c9930r5xmkci",
  "hash": "sha256-kc3aSwYjJZb4LqGMDK+Kf0bGEAsl9eUFv7yNN0QTP4Y=",
  "fetchLFS": false,
  "fetchSubmodules": true,
  "deepClone": false,
  "fetchTags": false,
  "leaveDotGit": false,
  "rootDir": "",
  "method": "git",
  "packages": ["crunchy"],
  "srcDir": "src"
},
{
  "url": "https://github.com/guzba/zippy",
  "rev": "bcb8c1e1be6abb0a0e35a3c6040cdd9391cc993f",
  "date": "2026-03-10T12:37:05-05:00",
  "path": "/nix/store/b2kvbqgfanf76mwm4ghx3gyy0jvrsggr-zippy-bcb8c1e",
  "sha256": "0vk10ap93jqrmzxjjnwm1w45x7fvbihxjqc92nb1ic2y9x33i5v3",
  "hash": "sha256-Y5c4Rk9esBiWFYlh2WFc251eCA+VWyn7rxnLka4CYW4=",
  "fetchLFS": false,
  "fetchSubmodules": true,
  "deepClone": false,
  "fetchTags": false,
  "leaveDotGit": false,
  "rootDir": "",
  "method": "git",
  "packages": ["zippy"],
  "srcDir": "src"
},
{
  "url": "https://github.com/treeform/webby/",
  "rev": "325d6ade0970562bee7d7d53961a2c3287f0c4bc",
  "date": "2024-02-05T17:59:59-08:00",
  "path": "/nix/store/669xrn4vm89iwd6ib13xl91z66f934gh-webby-325d6ad",
  "sha256": "0qa8hzvamsdszygra3lcc92zk6rzm3gh1mzgjq9khbanzbg3y67n",
  "hash": "sha256-9hg/3vpWLTgTlu/XAN+oP5v5RWKMDpWf/7rpqvaHSGE=",
  "fetchLFS": false,
  "fetchSubmodules": true,
  "deepClone": false,
  "fetchTags": false,
  "leaveDotGit": false,
  "rootDir": "",
  "method": "git",
  "packages": ["webby"],
  "srcDir": "src"
},
{
  "url": "https://github.com/status-im/nim-taskpools",
  "rev": "9e8ccc754631ac55ac2fd495e167e74e86293edb",
  "date": "2025-05-06T15:43:22+02:00",
  "path": "/nix/store/b7ix4lw4z8803d4h8z8c4zz8blcb9n6g-nim-taskpools-9e8ccc7",
  "sha256": "1y78l33vdjxmb9dkr455pbphxa73rgdsh8m9gpkf4d9b1wm1yivy",
  "hash": "sha256-fkcfKg8rNeLmfakiqNvL46gO77qlkDxbWrXLtseg6Pg=",
  "fetchLFS": false,
  "fetchSubmodules": true,
  "deepClone": false,
  "fetchTags": false,
  "leaveDotGit": false,
  "rootDir": "",
  "method": "git",
  "packages": ["taskpools"],
  "srcDir": "taskpools"
},
{
  "url": "https://github.com/gokr/mummyx",
  "rev": "32f0ef9769cf65e73bb214983ea9c71b7f834b43",
  "date": "2026-01-30T00:13:50+01:00",
  "path": "/nix/store/ivp4vnzs1ssl18mbg82vf3nliq2x2zbw-mummyx-32f0ef9",
  "sha256": "0rvflh638463zki4rrx9hswy47pl5jws84v4gnrfrndbfbw4m3v6",
  "hash": "sha256-Zo9K+HKr2eyyfWQTpLks9B7iuYap50zi/MMQNAykbmc=",
  "fetchLFS": false,
  "fetchSubmodules": true,
  "deepClone": false,
  "fetchTags": false,
  "leaveDotGit": false,
  "rootDir": "",
  "method": "git",
  "packages": ["mummy"],
  "srcDir": "src"
},
{
  "url": "https://github.com/gokr/nimcp",
  "rev": "fa6c1e09f3c368b4195aeff37569b1cfbc84597e",
  "date": "2026-01-11T12:42:35+01:00",
  "path": "/nix/store/3j87n0pf4da07xaz0s2py2fhlmmxmpp0-nimcp-fa6c1e0",
  "sha256": "1kwf07lkj8vv9b1aj7cjilcip8yd82408izxpg64fskgs823qj8n",
  "hash": "sha256-Fkk8BNJvakfMu/1HBIhAzaMbGY2SHanCSnsjOekBjs8=",
  "fetchLFS": false,
  "fetchSubmodules": true,
  "deepClone": false,
  "fetchTags": false,
  "leaveDotGit": false,
  "rootDir": "",
  "method": "git",
  "packages": ["nimcp"],
  "srcDir": "src"
},
{
  "url": "https://github.com/GULPF/tiny_sqlite",
  "rev": "231dc8383beb849c3be55bf0ced179a84e3a4b3e",
  "date": "2022-12-06T22:52:58+01:00",
  "path": "/nix/store/my8w05a42fcxdsn1g61q9viv35kmqxz9-tiny_sqlite-231dc83",
  "sha256": "0544zy6xh30jj86v215rhqdbqzs4r8m5xf4vv0796lj3zyxj7kjm",
  "hash": "sha256-Vc4ju/9DUpMO2Ju4XirKRH+8Goa5BLENkhIM2I3/hBQ=",
  "fetchLFS": false,
  "fetchSubmodules": true,
  "deepClone": false,
  "fetchTags": false,
  "leaveDotGit": false,
  "rootDir": "",
  "method": "git",
  "packages": ["tiny_sqlite"],
  "srcDir": "src"
}
],
"src": {
  "url": "https://github.com/nim-community/nimctx",
  "rev": "fa99b8cd4b2455fe51234d882cd1481968037c15",
  "hash": "sha256-sI+P0WOxnQ3146MZndsoRbDt59eNZUi4Fm2bycF9zVo="
}
}
